
Microsoft Visual Studio Solution File, Format Version 12.00
# Visual Studio Version 17
VisualStudioVersion = 17.3.32901.215
MinimumVisualStudioVersion = 10.0.40219.1
Project("{FAE04EC0-301F-11D3-BF4B-00C04F79EFBC}") = "alarma2", "alarma2\alarma2.csproj", "{02178650-5B99-47DB-BA12-44D6394DB0F8}"
EndProject
Global
	GlobalSection(SolutionConfigurationPlatforms) = preSolution
		Debug|Any CPU = Debug|Any CPU
		Release|Any CPU = Release|Any CPU
	EndGlobalSection
	GlobalSection(ProjectConfigurationPlatforms) = postSolution
		{02178650-5B99-47DB-BA12-44D6394DB0F8}.Debug|Any CPU.ActiveCfg = Debug|Any CPU
		{02178650-5B99-47DB-BA12-44D6394DB0F8}.Debug|Any CPU.Build.0 = Debug|Any CPU
		{02178650-5B99-47DB-BA12-44D6394DB0F8}.Release|Any CPU.ActiveCfg = Release|Any CPU
		{02178650-5B99-47DB-BA12-44D6394DB0F8}.Release|Any CPU.Build.0 = Release|Any CPU
	EndGlobalSection
	GlobalSection(SolutionProperties) = preSolution
		HideSolutionNode = FALSE
	EndGlobalSection
	GlobalSection(ExtensibilityGlobals) = postSolution
		SolutionGuid = {FAD027F5-AC74-473B-AA6E-A507230FAD07}
	EndGlobalSection
EndGlobal
